
Microsoft Visual Studio Solution File, Format Version 12.00
# Visual Studio Version 17
VisualStudioVersion = 17.2.32616.157
MinimumVisualStudioVersion = 10.0.40219.1
Project("{FAE04EC0-301F-11D3-BF4B-00C04F79EFBC}") = "GetWinPK", "src\GetWinPK.csproj", "{B4AF981B-C85B-4F0A-A2BF-8EA3F82A8D13}"
EndProject
Global
	GlobalSection(SolutionConfigurationPlatforms) = preSolution
		Debug|Any CPU = Debug|Any CPU
		Release|Any CPU = Release|Any CPU
	EndGlobalSection
	GlobalSection(ProjectConfigurationPlatforms) = postSolution
		{B4AF981B-C85B-4F0A-A2BF-8EA3F82A8D13}.Debug|Any CPU.ActiveCfg = Debug|Any CPU
		{B4AF981B-C85B-4F0A-A2BF-8EA3F82A8D13}.Debug|Any CPU.Build.0 = Debug|Any CPU
		{B4AF981B-C85B-4F0A-A2BF-8EA3F82A8D13}.Release|Any CPU.ActiveCfg = Release|Any CPU
		{B4AF981B-C85B-4F0A-A2BF-8EA3F82A8D13}.Release|Any CPU.Build.0 = Release|Any CPU
	EndGlobalSection
	GlobalSection(SolutionProperties) = preSolution
		HideSolutionNode = FALSE
	EndGlobalSection
	GlobalSection(ExtensibilityGlobals) = postSolution
		SolutionGuid = {9E06FA11-5986-44F4-87D2-47F7B5A011EA}
	EndGlobalSection
EndGlobal
